{
  "version": 1,
  "dependencies": {
    "net10.0": {
      "Microsoft.Extensions.Options": {
        "type": "Direct",
        "requested": "[10.0.11, )",
        "resolved": "10.0.11",
        "contentHash": "eY1GAKcTfD2maP27J84X9IovT3yjHJ2dVDzPmDg6/XqYvt3jMzJhtfQCLjG9pVsZGAd+8DQ2QrjaDcs2+VQLGw==",
        "dependencies": {
          "Microsoft.Extensions.DependencyInjection.Abstractions": "10.0.11",
          "Microsoft.Extensions.Primitives": "10.0.11"
        }
      },
      "Microsoft.Extensions.DependencyInjection.Abstractions": {
        "type": "Transitive",
        "resolved": "10.0.11",
        "contentHash": "/a1aJz4m7ylhEDf25ugQChLQoN5XwoGjWw/BoR/ZWWKsO1v4DdJElS1uyngahz4B/eOzjFk1KNTkarRLE5wsIg=="
      },
      "Microsoft.Extensions.Primitives": {
        "type": "Transitive",
        "resolved": "10.0.11",
        "contentHash": "SXcz+kF+4Oo9b1+55zntpJFYfwb1jw66ioxptyNOOTDc8g2FHnBFWjZpsWfCvZIhzr0x+4e2trVTs4OKwQfBtw=="
      },
      "mina.controlplane.domain": {
        "type": "Project"
      },
      "mina.controlplane.pki": {
        "type": "Project"
      }
    }
  }
}